// !$*UTF8*$!
{
	archiveVersion = 1;
	classes = {
	};
	objectVersion = 46;
	objects = {

/* Begin PBXBuildFile section */
		41E2C9061A9795D900F1C263 /* AppDelegate.swift in Sources */ = {isa = PBXBuildFile; fileRef = 41E2C9051A9795D900F1C263 /* AppDelegate.swift */; };
		41E2C9081A9795D900F1C263 /* ViewController.swift in Sources */ = {isa = PBXBuildFile; fileRef = 41E2C9071A9795D900F1C263 /* ViewController.swift */; };
		41E2C90B1A9795D900F1C263 /* Main.storyboard in Resources */ = {isa = PBXBuildFile; fileRef = 41E2C9091A9795D900F1C263 /* Main.storyboard */; };
		41E2C90D1A9795D900F1C263 /* Images.xcassets in Resources */ = {isa = PBXBuildFile; fileRef = 41E2C90C1A9795D900F1C263 /* Images.xcassets */; };
		41E2C9101A9795D900F1C263 /* LaunchScreen.xib in Resources */ = {isa = PBXBuildFile; fileRef = 41E2C90E1A9795D900F1C263 /* LaunchScreen.xib */; };
		41E2C91C1A9795D900F1C263 /* hellomapTests.swift in Sources */ = {isa = PBXBuildFile; fileRef = 41E2C91B1A9795D900F1C263 /* hellomapTests.swift */; };
/* End PBXBuildFile section */

/* Begin PBXContainerItemProxy section */
		41E2C9161A9795D900F1C263 /* PBXContainerItemProxy */ = {
			isa = PBXContainerItemProxy;
			containerPortal = 41E2C8F81A9795D900F1C263 /* Project object */;
			proxyType = 1;
			remoteGlobalIDString = 41E2C8FF1A9795D900F1C263;
			remoteInfo = hellomap;
		};
/* End PBXContainerItemProxy section */

/* Begin PBXFileReference section */
		41E2C9001A9795D900F1C263 /* hellomap.app */ = {isa = PBXFileReference; explicitFileType = wrapper.application; includeInIndex = 0; path = hellomap.app; sourceTree = BUILT_PRODUCTS_DIR; };
		41E2C9041A9795D900F1C263 /* Info.plist */ = {isa = PBXFileReference; lastKnownFileType = text.plist.xml; path = Info.plist; sourceTree = "<group>"; };
		41E2C9051A9795D900F1C263 /* AppDelegate.swift */ = {isa = PBXFileReference; lastKnownFileType = sourcecode.swift; path = AppDelegate.swift; sourceTree = "<group>"; };
		41E2C9071A9795D900F1C263 /* ViewController.swift */ = {isa = PBXFileReference; lastKnownFileType = sourcecode.swift; path = ViewController.swift; sourceTree = "<group>"; };
		41E2C90A1A9795D900F1C263 /* Base */ = {isa = PBXFileReference; lastKnownFileType = file.storyboard; name = Base; path = Base.lproj/Main.storyboard; sourceTree = "<group>"; };
		41E2C90C1A9795D900F1C263 /* Images.xcassets */ = {isa = PBXFileReference; lastKnownFileType = folder.assetcatalog; path = Images.xcassets; sourceTree = "<group>"; };
		41E2C90F1A9795D900F1C263 /* Base */ = {isa = PBXFileReference; lastKnownFileType = file.xib; name = Base; path = Base.lproj/LaunchScreen.xib; sourceTree = "<group>"; };
		41E2C9151A9795D900F1C263 /* hellomapTests.xctest */ = {isa = PBXFileReference; explicitFileType = wrapper.cfbundle; includeInIndex = 0; path = hellomapTests.xctest; sourceTree = BUILT_PRODUCTS_DIR; };
		41E2C91A1A9795D900F1C263 /* Info.plist */ = {isa = PBXFileReference; lastKnownFileType = text.plist.xml; path = Info.plist; sourceTree = "<group>"; };
		41E2C91B1A9795D900F1C263 /* hellomapTests.swift */ = {isa = PBXFileReference; lastKnownFileType = sourcecode.swift; path = hellomapTests.swift; sourceTree = "<group>"; };
/* End PBXFileReference section */

/* Begin PBXFrameworksBuildPhase section */
		41E2C8FD1A9795D900F1C263 /* Frameworks */ = {
			isa = PBXFrameworksBuildPhase;
			buildActionMask = 2147483647;
			files = (
			);
			runOnlyForDeploymentPostprocessing = 0;
		};
		41E2C9121A9795D900F1C263 /* Frameworks */ = {
			isa = PBXFrameworksBuildPhase;
			buildActionMask = 2147483647;
			files = (
			);
			runOnlyForDeploymentPostprocessing = 0;
		};
/* End PBXFrameworksBuildPhase section */

/* Begin PBXGroup section */
		41E2C8F71A9795D900F1C263 = {
			isa = PBXGroup;
			children = (
				41E2C9021A9795D900F1C263 /* hellomap */,
				41E2C9181A9795D900F1C263 /* hellomapTests */,
				41E2C9011A9795D900F1C263 /* Products */,
			);
			sourceTree = "<group>";
		};
		41E2C9011A9795D900F1C263 /* Products */ = {
			isa = PBXGroup;
			children = (
				41E2C9001A9795D900F1C263 /* hellomap.app */,
				41E2C9151A9795D900F1C263 /* hellomapTests.xctest */,
			);
			name = Products;
			sourceTree = "<group>";
		};
		41E2C9021A9795D900F1C263 /* hellomap */ = {
			isa = PBXGroup;
			children = (
				41E2C9051A9795D900F1C263 /* AppDelegate.swift */,
				41E2C9071A9795D900F1C263 /* ViewController.swift */,
				41E2C9091A9795D900F1C263 /* Main.storyboard */,
				41E2C90C1A9795D900F1C263 /* Images.xcassets */,
				41E2C90E1A9795D900F1C263 /* LaunchScreen.xib */,
				41E2C9031A9795D900F1C263 /* Supporting Files */,
			);
			path = hellomap;
			sourceTree = "<group>";
		};
		41E2C9031A9795D900F1C263 /* Supporting Files */ = {
			isa = PBXGroup;
			children = (
				41E2C9041A9795D900F1C263 /* Info.plist */,
			);
			name = "Supporting Files";
			sourceTree = "<group>";
		};
		41E2C9181A9795D900F1C263 /* hellomapTests */ = {
			isa = PBXGroup;
			children = (
				41E2C91B1A9795D900F1C263 /* hellomapTests.swift */,
				41E2C9191A9795D900F1C263 /* Supporting Files */,
			);
			path = hellomapTests;
			sourceTree = "<group>";
		};
		41E2C9191A9795D900F1C263 /* Supporting Files */ = {
			isa = PBXGroup;
			children = (
				41E2C91A1A9795D900F1C263 /* Info.plist */,
			);
			name = "Supporting Files";
			sourceTree = "<group>";
		};
/* End PBXGroup section */

/* Begin PBXNativeTarget section */
		41E2C8FF1A9795D900F1C263 /* hellomap */ = {
			isa = PBXNativeTarget;
			buildConfigurationList = 41E2C91F1A9795D900F1C263 /* Build configuration list for PBXNativeTarget "hellomap" */;
			buildPhases = (
				41E2C8FC1A9795D900F1C263 /* Sources */,
				41E2C8FD1A9795D900F1C263 /* Frameworks */,
				41E2C8FE1A9795D900F1C263 /* Resources */,
			);
			buildRules = (
			);
			dependencies = (
			);
			name = hellomap;
			productName = hellomap;
			productReference = 41E2C9001A9795D900F1C263 /* hellomap.app */;
			productType = "com.apple.product-type.application";
		};
		41E2C9141A9795D900F1C263 /* hellomapTests */ = {
			isa = PBXNativeTarget;
			buildConfigurationList = 41E2C9221A9795D900F1C263 /* Build configuration list for PBXNativeTarget "hellomapTests" */;
			buildPhases = (
				41E2C9111A9795D900F1C263 /* Sources */,
				41E2C9121A9795D900F1C263 /* Frameworks */,
				41E2C9131A9795D900F1C263 /* Resources */,
			);
			buildRules = (
			);
			dependencies = (
				41E2C9171A9795D900F1C263 /* PBXTargetDependency */,
			);
			name = hellomapTests;
			productName = hellomapTests;
			productReference = 41E2C9151A9795D900F1C263 /* hellomapTests.xctest */;
			productType = "com.apple.product-type.bundle.unit-test";
		};
/* End PBXNativeTarget section */

/* Begin PBXProject section */
		41E2C8F81A9795D900F1C263 /* Project object */ = {
			isa = PBXProject;
			attributes = {
				LastUpgradeCheck = 0610;
				ORGANIZATIONNAME = "___TAULE___";
				TargetAttributes = {
					41E2C8FF1A9795D900F1C263 = {
						CreatedOnToolsVersion = 6.1.1;
					};
					41E2C9141A9795D900F1C263 = {
						CreatedOnToolsVersion = 6.1.1;
						TestTargetID = 41E2C8FF1A9795D900F1C263;
					};
				};
			};
			buildConfigurationList = 41E2C8FB1A9795D900F1C263 /* Build configuration list for PBXProject "hellomap" */;
			compatibilityVersion = "Xcode 3.2";
			developmentRegion = English;
			hasScannedForEncodings = 0;
			knownRegions = (
				en,
				Base,
			);
			mainGroup = 41E2C8F71A9795D900F1C263;
			productRefGroup = 41E2C9011A9795D900F1C263 /* Products */;
			projectDirPath = "";
			projectRoot = "";
			targets = (
				41E2C8FF1A9795D900F1C263 /* hellomap */,
				41E2C9141A9795D900F1C263 /* hellomapTests */,
			);
		};
/* End PBXProject section */

/* Begin PBXResourcesBuildPhase section */
		41E2C8FE1A9795D900F1C263 /* Resources */ = {
			isa = PBXResourcesBuildPhase;
			buildActionMask = 2147483647;
			files = (
				41E2C90B1A9795D900F1C263 /* Main.storyboard in Resources */,
				41E2C9101A9795D900F1C263 /* LaunchScreen.xib in Resources */,
				41E2C90D1A9795D900F1C263 /* Images.xcassets in Resources */,
			);
			runOnlyForDeploymentPostprocessing = 0;
		};
		41E2C9131A9795D900F1C263 /* Resources */ = {
			isa = PBXResourcesBuildPhase;
			buildActionMask = 2147483647;
			files = (
			);
			runOnlyForDeploymentPostprocessing = 0;
		};
/* End PBXResourcesBuildPhase section */

/* Begin PBXSourcesBuildPhase section */
		41E2C8FC1A9795D900F1C263 /* Sources */ = {
			isa = PBXSourcesBuildPhase;
			buildActionMask = 2147483647;
			files = (
				41E2C9081A9795D900F1C263 /* ViewController.swift in Sources */,
				41E2C9061A9795D900F1C263 /* AppDelegate.swift in Sources */,
			);
			runOnlyForDeploymentPostprocessing = 0;
		};
		41E2C9111A9795D900F1C263 /* Sources */ = {
			isa = PBXSourcesBuildPhase;
			buildActionMask = 2147483647;
			files = (
				41E2C91C1A9795D900F1C263 /* hellomapTests.swift in Sources */,
			);
			runOnlyForDeploymentPostprocessing = 0;
		};
/* End PBXSourcesBuildPhase section */

/* Begin PBXTargetDependency section */
		41E2C9171A9795D900F1C263 /* PBXTargetDependency */ = {
			isa = PBXTargetDependency;
			target = 41E2C8FF1A9795D900F1C263 /* hellomap */;
			targetProxy = 41E2C9161A9795D900F1C263 /* PBXContainerItemProxy */;
		};
/* End PBXTargetDependency section */

/* Begin PBXVariantGroup section */
		41E2C9091A9795D900F1C263 /* Main.storyboard */ = {
			isa = PBXVariantGroup;
			children = (
				41E2C90A1A9795D900F1C263 /* Base */,
			);
			name = Main.storyboard;
			sourceTree = "<group>";
		};
		41E2C90E1A9795D900F1C263 /* LaunchScreen.xib */ = {
			isa = PBXVariantGroup;
			children = (
				41E2C90F1A9795D900F1C263 /* Base */,
			);
			name = LaunchScreen.xib;
			sourceTree = "<group>";
		};
/* End PBXVariantGroup section */

/* Begin XCBuildConfiguration section */
		41E2C91D1A9795D900F1C263 /* Debug */ = {
			isa = XCBuildConfiguration;
			buildSettings = {
				ALWAYS_SEARCH_USER_PATHS = NO;
				CLANG_CXX_LANGUAGE_STANDARD = "gnu++0x";
				CLANG_CXX_LIBRARY = "libc++";
				CLANG_ENABLE_MODULES = YES;
				CLANG_ENABLE_OBJC_ARC = YES;
				CLANG_WARN_BOOL_CONVERSION = YES;
				CLANG_WARN_CONSTANT_CONVERSION = YES;
				CLANG_WARN_DIRECT_OBJC_ISA_USAGE = YES_ERROR;
				CLANG_WARN_EMPTY_BODY = YES;
				CLANG_WARN_ENUM_CONVERSION = YES;
				CLANG_WARN_INT_CONVERSION = YES;
				CLANG_WARN_OBJC_ROOT_CLASS = YES_ERROR;
				CLANG_WARN_UNREACHABLE_CODE = YES;
				CLANG_WARN__DUPLICATE_METHOD_MATCH = YES;
				"CODE_SIGN_IDENTITY[sdk=iphoneos*]" = "iPhone Developer";
				COPY_PHASE_STRIP = NO;
				ENABLE_STRICT_OBJC_MSGSEND = YES;
				GCC_C_LANGUAGE_STANDARD = gnu99;
				GCC_DYNAMIC_NO_PIC = NO;
				GCC_OPTIMIZATION_LEVEL = 0;
				GCC_PREPROCESSOR_DEFINITIONS = (
					"DEBUG=1",
					"$(inherited)",
				);
				GCC_SYMBOLS_PRIVATE_EXTERN = NO;
				GCC_WARN_64_TO_32_BIT_CONVERSION = YES;
				GCC_WARN_ABOUT_RETURN_TYPE = YES_ERROR;
				GCC_WARN_UNDECLARED_SELECTOR = YES;
				GCC_WARN_UNINITIALIZED_AUTOS = YES_AGGRESSIVE;
				GCC_WARN_UNUSED_FUNCTION = YES;
				GCC_WARN_UNUSED_VARIABLE = YES;
				IPHONEOS_DEPLOYMENT_TARGET = 8.1;
				MTL_ENABLE_DEBUG_INFO = YES;
				ONLY_ACTIVE_ARCH = YES;
				SDKROOT = iphoneos;
				SWIFT_OPTIMIZATION_LEVEL = "-Onone";
			};
			name = Debug;
		};
		41E2C91E1A9795D900F1C263 /* Release */ = {
			isa = XCBuildConfiguration;
			buildSettings = {
				ALWAYS_SEARCH_USER_PATHS = NO;
				CLANG_CXX_LANGUAGE_STANDARD = "gnu++0x";
				CLANG_CXX_LIBRARY = "libc++";
				CLANG_ENABLE_MODULES = YES;
				CLANG_ENABLE_OBJC_ARC = YES;
				CLANG_WARN_BOOL_CONVERSION = YES;
				CLANG_WARN_CONSTANT_CONVERSION = YES;
				CLANG_WARN_DIRECT_OBJC_ISA_USAGE = YES_ERROR;
				CLANG_WARN_EMPTY_BODY = YES;
				CLANG_WARN_ENUM_CONVERSION = YES;
				CLANG_WARN_INT_CONVERSION = YES;
				CLANG_WARN_OBJC_ROOT_CLASS = YES_ERROR;
				CLANG_WARN_UNREACHABLE_CODE = YES;
				CLANG_WARN__DUPLICATE_METHOD_MATCH = YES;
				"CODE_SIGN_IDENTITY[sdk=iphoneos*]" = "iPhone Developer";
				COPY_PHASE_STRIP = YES;
				ENABLE_NS_ASSERTIONS = NO;
				ENABLE_STRICT_OBJC_MSGSEND = YES;
				GCC_C_LANGUAGE_STANDARD = gnu99;
				GCC_WARN_64_TO_32_BIT_CONVERSION = YES;
				GCC_WARN_ABOUT_RETURN_TYPE = YES_ERROR;
				GCC_WARN_UNDECLARED_SELECTOR = YES;
				GCC_WARN_UNINITIALIZED_AUTOS = YES_AGGRESSIVE;
				GCC_WARN_UNUSED_FUNCTION = YES;
				GCC_WARN_UNUSED_VARIABLE = YES;
				IPHONEOS_DEPLOYMENT_TARGET = 8.1;
				MTL_ENABLE_DEBUG_INFO = NO;
				SDKROOT = iphoneos;
				VALIDATE_PRODUCT = YES;
			};
			name = Release;
		};
		41E2C9201A9795D900F1C263 /* Debug */ = {
			isa = XCBuildConfiguration;
			buildSettings = {
				ASSETCATALOG_COMPILER_APPICON_NAME = AppIcon;
				INFOPLIST_FILE = hellomap/Info.plist;
				LD_RUNPATH_SEARCH_PATHS = "$(inherited) @executable_path/Frameworks";
				PRODUCT_NAME = "$(TARGET_NAME)";
			};
			name = Debug;
		};
		41E2C9211A9795D900F1C263 /* Release */ = {
			isa = XCBuildConfiguration;
			buildSettings = {
				ASSETCATALOG_COMPILER_APPICON_NAME = AppIcon;
				INFOPLIST_FILE = hellomap/Info.plist;
				LD_RUNPATH_SEARCH_PATHS = "$(inherited) @executable_path/Frameworks";
				PRODUCT_NAME = "$(TARGET_NAME)";
			};
			name = Release;
		};
		41E2C9231A9795D900F1C263 /* Debug */ = {
			isa = XCBuildConfiguration;
			buildSettings = {
				BUNDLE_LOADER = "$(TEST_HOST)";
				FRAMEWORK_SEARCH_PATHS = (
					"$(SDKROOT)/Developer/Library/Frameworks",
					"$(inherited)",
				);
				GCC_PREPROCESSOR_DEFINITIONS = (
					"DEBUG=1",
					"$(inherited)",
				);
				INFOPLIST_FILE = hellomapTests/Info.plist;
				LD_RUNPATH_SEARCH_PATHS = "$(inherited) @executable_path/Frameworks @loader_path/Frameworks";
				PRODUCT_NAME = "$(TARGET_NAME)";
				TEST_HOST = "$(BUILT_PRODUCTS_DIR)/hellomap.app/hellomap";
			};
			name = Debug;
		};
		41E2C9241A9795D900F1C263 /* Release */ = {
			isa = XCBuildConfiguration;
			buildSettings = {
				BUNDLE_LOADER = "$(TEST_HOST)";
				FRAMEWORK_SEARCH_PATHS = (
					"$(SDKROOT)/Developer/Library/Frameworks",
					"$(inherited)",
				);
				INFOPLIST_FILE = hellomapTests/Info.plist;
				LD_RUNPATH_SEARCH_PATHS = "$(inherited) @executable_path/Frameworks @loader_path/Frameworks";
				PRODUCT_NAME = "$(TARGET_NAME)";
				TEST_HOST = "$(BUILT_PRODUCTS_DIR)/hellomap.app/hellomap";
			};
			name = Release;
		};
/* End XCBuildConfiguration section */

/* Begin XCConfigurationList section */
		41E2C8FB1A9795D900F1C263 /* Build configuration list for PBXProject "hellomap" */ = {
			isa = XCConfigurationList;
			buildConfigurations = (
				41E2C91D1A9795D900F1C263 /* Debug */,
				41E2C91E1A9795D900F1C263 /* Release */,
			);
			defaultConfigurationIsVisible = 0;
			defaultConfigurationName = Release;
		};
		41E2C91F1A9795D900F1C263 /* Build configuration list for PBXNativeTarget "hellomap" */ = {
			isa = XCConfigurationList;
			buildConfigurations = (
				41E2C9201A9795D900F1C263 /* Debug */,
				41E2C9211A9795D900F1C263 /* Release */,
			);
			defaultConfigurationIsVisible = 0;
		};
		41E2C9221A9795D900F1C263 /* Build configuration list for PBXNativeTarget "hellomapTests" */ = {
			isa = XCConfigurationList;
			buildConfigurations = (
				41E2C9231A9795D900F1C263 /* Debug */,
				41E2C9241A9795D900F1C263 /* Release */,
			);
			defaultConfigurationIsVisible = 0;
		};
/* End XCConfigurationList section */
	};
	rootObject = 41E2C8F81A9795D900F1C263 /* Project object */;
}
